
Microsoft Visual Studio Solution File, Format Version 12.00
# Visual Studio Version 16
VisualStudioVersion = 16.0.30330.147
MinimumVisualStudioVersion = 10.0.40219.1
Project("{FAE04EC0-301F-11D3-BF4B-00C04F79EFBC}") = "WebApi", "WebApi\WebApi.csproj", "{3B200299-0683-4F2A-8A90-678A4AF7175E}"
EndProject
Project("{FAE04EC0-301F-11D3-BF4B-00C04F79EFBC}") = "Data", "Data\Data.csproj", "{423C1171-304E-4CB2-AA90-5944A983D114}"
EndProject
Project("{FAE04EC0-301F-11D3-BF4B-00C04F79EFBC}") = "Repository", "Repository\Repository.csproj", "{34CA2546-24C6-4805-BA46-3274DC5AA158}"
EndProject
Project("{FAE04EC0-301F-11D3-BF4B-00C04F79EFBC}") = "Models", "Models\Models.csproj", "{C4C91F93-173D-44CD-8E3D-161AC8B6EC8C}"
EndProject
Project("{FAE04EC0-301F-11D3-BF4B-00C04F79EFBC}") = "RepositoryPattern", "RepositoryPattern\RepositoryPattern.csproj", "{C7E130CA-5583-4122-90F1-2D5512C56006}"
EndProject
Project("{FAE04EC0-301F-11D3-BF4B-00C04F79EFBC}") = "StudentApplication.WebMvc", "StudentApplication.WebMvc\StudentApplication.WebMvc.csproj", "{2D6DFC46-B669-40AF-A10A-20810A82AC20}"
EndProject
Project("{FAE04EC0-301F-11D3-BF4B-00C04F79EFBC}") = "PracticesMvc", "PracticesMvc\PracticesMvc.csproj", "{FD2AE62A-635B-4D61-93F3-846E7EA80E9E}"
EndProject
Global
	GlobalSection(SolutionConfigurationPlatforms) = preSolution
		Debug|Any CPU = Debug|Any CPU
		Release|Any CPU = Release|Any CPU
	EndGlobalSection
	GlobalSection(ProjectConfigurationPlatforms) = postSolution
		{3B200299-0683-4F2A-8A90-678A4AF7175E}.Debug|Any CPU.ActiveCfg = Debug|Any CPU
		{3B200299-0683-4F2A-8A90-678A4AF7175E}.Debug|Any CPU.Build.0 = Debug|Any CPU
		{3B200299-0683-4F2A-8A90-678A4AF7175E}.Release|Any CPU.ActiveCfg = Release|Any CPU
		{3B200299-0683-4F2A-8A90-678A4AF7175E}.Release|Any CPU.Build.0 = Release|Any CPU
		{423C1171-304E-4CB2-AA90-5944A983D114}.Debug|Any CPU.ActiveCfg = Debug|Any CPU
		{423C1171-304E-4CB2-AA90-5944A983D114}.Debug|Any CPU.Build.0 = Debug|Any CPU
		{423C1171-304E-4CB2-AA90-5944A983D114}.Release|Any CPU.ActiveCfg = Release|Any CPU
		{423C1171-304E-4CB2-AA90-5944A983D114}.Release|Any CPU.Build.0 = Release|Any CPU
		{34CA2546-24C6-4805-BA46-3274DC5AA158}.Debug|Any CPU.ActiveCfg = Debug|Any CPU
		{34CA2546-24C6-4805-BA46-3274DC5AA158}.Debug|Any CPU.Build.0 = Debug|Any CPU
		{34CA2546-24C6-4805-BA46-3274DC5AA158}.Release|Any CPU.ActiveCfg = Release|Any CPU
		{34CA2546-24C6-4805-BA46-3274DC5AA158}.Release|Any CPU.Build.0 = Release|Any CPU
		{C4C91F93-173D-44CD-8E3D-161AC8B6EC8C}.Debug|Any CPU.ActiveCfg = Debug|Any CPU
		{C4C91F93-173D-44CD-8E3D-161AC8B6EC8C}.Debug|Any CPU.Build.0 = Debug|Any CPU
		{C4C91F93-173D-44CD-8E3D-161AC8B6EC8C}.Release|Any CPU.ActiveCfg = Release|Any CPU
		{C4C91F93-173D-44CD-8E3D-161AC8B6EC8C}.Release|Any CPU.Build.0 = Release|Any CPU
		{C7E130CA-5583-4122-90F1-2D5512C56006}.Debug|Any CPU.ActiveCfg = Debug|Any CPU
		{C7E130CA-5583-4122-90F1-2D5512C56006}.Debug|Any CPU.Build.0 = Debug|Any CPU
		{C7E130CA-5583-4122-90F1-2D5512C56006}.Release|Any CPU.ActiveCfg = Release|Any CPU
		{C7E130CA-5583-4122-90F1-2D5512C56006}.Release|Any CPU.Build.0 = Release|Any CPU
		{2D6DFC46-B669-40AF-A10A-20810A82AC20}.Debug|Any CPU.ActiveCfg = Debug|Any CPU
		{2D6DFC46-B669-40AF-A10A-20810A82AC20}.Debug|Any CPU.Build.0 = Debug|Any CPU
		{2D6DFC46-B669-40AF-A10A-20810A82AC20}.Release|Any CPU.ActiveCfg = Release|Any CPU
		{2D6DFC46-B669-40AF-A10A-20810A82AC20}.Release|Any CPU.Build.0 = Release|Any CPU
		{FD2AE62A-635B-4D61-93F3-846E7EA80E9E}.Debug|Any CPU.ActiveCfg = Debug|Any CPU
		{FD2AE62A-635B-4D61-93F3-846E7EA80E9E}.Debug|Any CPU.Build.0 = Debug|Any CPU
		{FD2AE62A-635B-4D61-93F3-846E7EA80E9E}.Release|Any CPU.ActiveCfg = Release|Any CPU
		{FD2AE62A-635B-4D61-93F3-846E7EA80E9E}.Release|Any CPU.Build.0 = Release|Any CPU
	EndGlobalSection
	GlobalSection(SolutionProperties) = preSolution
		HideSolutionNode = FALSE
	EndGlobalSection
	GlobalSection(ExtensibilityGlobals) = postSolution
		SolutionGuid = {CA015DA6-04AC-4E09-BBA8-76693DF47AA4}
	EndGlobalSection
EndGlobal
